
Microsoft Visual Studio Solution File, Format Version 12.00
# Visual Studio 15
VisualStudioVersion = 15.0.28307.421
MinimumVisualStudioVersion = 10.0.40219.1
Project("{FAE04EC0-301F-11D3-BF4B-00C04F79EFBC}") = "pathfinder", "pathfinder\pathfinder.csproj", "{F892F48E-CD9F-4BB7-907F-2BE11F87F67F}"
EndProject
Global
	GlobalSection(SolutionConfigurationPlatforms) = preSolution
		Debug|Any CPU = Debug|Any CPU
		Release|Any CPU = Release|Any CPU
	EndGlobalSection
	GlobalSection(ProjectConfigurationPlatforms) = postSolution
		{F892F48E-CD9F-4BB7-907F-2BE11F87F67F}.Debug|Any CPU.ActiveCfg = Debug|Any CPU
		{F892F48E-CD9F-4BB7-907F-2BE11F87F67F}.Debug|Any CPU.Build.0 = Debug|Any CPU
		{F892F48E-CD9F-4BB7-907F-2BE11F87F67F}.Release|Any CPU.ActiveCfg = Release|Any CPU
		{F892F48E-CD9F-4BB7-907F-2BE11F87F67F}.Release|Any CPU.Build.0 = Release|Any CPU
	EndGlobalSection
	GlobalSection(SolutionProperties) = preSolution
		HideSolutionNode = FALSE
	EndGlobalSection
	GlobalSection(ExtensibilityGlobals) = postSolution
		SolutionGuid = {223A4D8C-7B92-4EE2-BC55-A946A1CB2906}
	EndGlobalSection
EndGlobal
